
Microsoft Visual Studio Solution File, Format Version 12.00
# Visual Studio Version 17
VisualStudioVersion = 17.6.33829.357
MinimumVisualStudioVersion = 10.0.40219.1
Project("{FAE04EC0-301F-11D3-BF4B-00C04F79EFBC}") = "april12th_demo", "april12th_demo\april12th_demo.csproj", "{93BB27D7-FB64-45B1-8A31-BAD53BFB28D5}"
EndProject
Global
	GlobalSection(SolutionConfigurationPlatforms) = preSolution
		Debug|Any CPU = Debug|Any CPU
		Release|Any CPU = Release|Any CPU
	EndGlobalSection
	GlobalSection(ProjectConfigurationPlatforms) = postSolution
		{93BB27D7-FB64-45B1-8A31-BAD53BFB28D5}.Debug|Any CPU.ActiveCfg = Debug|Any CPU
		{93BB27D7-FB64-45B1-8A31-BAD53BFB28D5}.Debug|Any CPU.Build.0 = Debug|Any CPU
		{93BB27D7-FB64-45B1-8A31-BAD53BFB28D5}.Release|Any CPU.ActiveCfg = Release|Any CPU
		{93BB27D7-FB64-45B1-8A31-BAD53BFB28D5}.Release|Any CPU.Build.0 = Release|Any CPU
	EndGlobalSection
	GlobalSection(SolutionProperties) = preSolution
		HideSolutionNode = FALSE
	EndGlobalSection
	GlobalSection(ExtensibilityGlobals) = postSolution
		SolutionGuid = {8A3F90FC-CAEC-4CF2-B3D9-DBED7E1F9786}
	EndGlobalSection
EndGlobal
